// !$*UTF8*$!
{
	archiveVersion = 1;
	classes = {
	};
	objectVersion = 46;
	objects = {

/* Begin PBXBuildFile section */
		9D77FCDC1BF2EA73009CCD1C /* FlowViewController.m in Sources */ = {isa = PBXBuildFile; fileRef = 9D77FCDB1BF2EA73009CCD1C /* FlowViewController.m */; };
		9D77FCDF1BF2EAFE009CCD1C /* FlowCell.m in Sources */ = {isa = PBXBuildFile; fileRef = 9D77FCDE1BF2EAFE009CCD1C /* FlowCell.m */; };
		9D77FCE21BF2EB27009CCD1C /* FlowLayout.m in Sources */ = {isa = PBXBuildFile; fileRef = 9D77FCE11BF2EB27009CCD1C /* FlowLayout.m */; };
		9DFD41C11BF2E3D8008AC679 /* main.m in Sources */ = {isa = PBXBuildFile; fileRef = 9DFD41C01BF2E3D8008AC679 /* main.m */; };
		9DFD41C41BF2E3D8008AC679 /* AppDelegate.m in Sources */ = {isa = PBXBuildFile; fileRef = 9DFD41C31BF2E3D8008AC679 /* AppDelegate.m */; };
		9DFD41CA1BF2E3D8008AC679 /* Main.storyboard in Resources */ = {isa = PBXBuildFile; fileRef = 9DFD41C81BF2E3D8008AC679 /* Main.storyboard */; };
		9DFD41CC1BF2E3D8008AC679 /* Assets.xcassets in Resources */ = {isa = PBXBuildFile; fileRef = 9DFD41CB1BF2E3D8008AC679 /* Assets.xcassets */; };
		9DFD41CF1BF2E3D8008AC679 /* LaunchScreen.storyboard in Resources */ = {isa = PBXBuildFile; fileRef = 9DFD41CD1BF2E3D8008AC679 /* LaunchScreen.storyboard */; };
		9DFD41DA1BF2E3D8008AC679 /* FlowCollectionViewTests.m in Sources */ = {isa = PBXBuildFile; fileRef = 9DFD41D91BF2E3D8008AC679 /* FlowCollectionViewTests.m */; };
		9DFD41E51BF2E3D8008AC679 /* FlowCollectionViewUITests.m in Sources */ = {isa = PBXBuildFile; fileRef = 9DFD41E41BF2E3D8008AC679 /* FlowCollectionViewUITests.m */; };
/* End PBXBuildFile section */

/* Begin PBXContainerItemProxy section */
		9DFD41D61BF2E3D8008AC679 /* PBXContainerItemProxy */ = {
			isa = PBXContainerItemProxy;
			containerPortal = 9DFD41B41BF2E3D7008AC679 /* Project object */;
			proxyType = 1;
			remoteGlobalIDString = 9DFD41BB1BF2E3D8008AC679;
			remoteInfo = FlowCollectionView;
		};
		9DFD41E11BF2E3D8008AC679 /* PBXContainerItemProxy */ = {
			isa = PBXContainerItemProxy;
			containerPortal = 9DFD41B41BF2E3D7008AC679 /* Project object */;
			proxyType = 1;
			remoteGlobalIDString = 9DFD41BB1BF2E3D8008AC679;
			remoteInfo = FlowCollectionView;
		};
/* End PBXContainerItemProxy section */

/* Begin PBXFileReference section */
		9D77FCDA1BF2EA73009CCD1C /* FlowViewController.h */ = {isa = PBXFileReference; fileEncoding = 4; lastKnownFileType = sourcecode.c.h; path = FlowViewController.h; sourceTree = "<group>"; };
		9D77FCDB1BF2EA73009CCD1C /* FlowViewController.m */ = {isa = PBXFileReference; fileEncoding = 4; lastKnownFileType = sourcecode.c.objc; path = FlowViewController.m; sourceTree = "<group>"; };
		9D77FCDD1BF2EAFE009CCD1C /* FlowCell.h */ = {isa = PBXFileReference; fileEncoding = 4; lastKnownFileType = sourcecode.c.h; path = FlowCell.h; sourceTree = "<group>"; };
		9D77FCDE1BF2EAFE009CCD1C /* FlowCell.m */ = {isa = PBXFileReference; fileEncoding = 4; lastKnownFileType = sourcecode.c.objc; path = FlowCell.m; sourceTree = "<group>"; };
		9D77FCE01BF2EB27009CCD1C /* FlowLayout.h */ = {isa = PBXFileReference; fileEncoding = 4; lastKnownFileType = sourcecode.c.h; path = FlowLayout.h; sourceTree = "<group>"; };
		9D77FCE11BF2EB27009CCD1C /* FlowLayout.m */ = {isa = PBXFileReference; fileEncoding = 4; lastKnownFileType = sourcecode.c.objc; path = FlowLayout.m; sourceTree = "<group>"; };
		9DFD41BC1BF2E3D8008AC679 /* FlowCollectionView.app */ = {isa = PBXFileReference; explicitFileType = wrapper.application; includeInIndex = 0; path = FlowCollectionView.app; sourceTree = BUILT_PRODUCTS_DIR; };
		9DFD41C01BF2E3D8008AC679 /* main.m */ = {isa = PBXFileReference; lastKnownFileType = sourcecode.c.objc; path = main.m; sourceTree = "<group>"; };
		9DFD41C21BF2E3D8008AC679 /* AppDelegate.h */ = {isa = PBXFileReference; lastKnownFileType = sourcecode.c.h; path = AppDelegate.h; sourceTree = "<group>"; };
		9DFD41C31BF2E3D8008AC679 /* AppDelegate.m */ = {isa = PBXFileReference; lastKnownFileType = sourcecode.c.objc; path = AppDelegate.m; sourceTree = "<group>"; };
		9DFD41C91BF2E3D8008AC679 /* Base */ = {isa = PBXFileReference; lastKnownFileType = file.storyboard; name = Base; path = Base.lproj/Main.storyboard; sourceTree = "<group>"; };
		9DFD41CB1BF2E3D8008AC679 /* Assets.xcassets */ = {isa = PBXFileReference; lastKnownFileType = folder.assetcatalog; path = Assets.xcassets; sourceTree = "<group>"; };
		9DFD41CE1BF2E3D8008AC679 /* Base */ = {isa = PBXFileReference; lastKnownFileType = file.storyboard; name = Base; path = Base.lproj/LaunchScreen.storyboard; sourceTree = "<group>"; };
		9DFD41D01BF2E3D8008AC679 /* Info.plist */ = {isa = PBXFileReference; lastKnownFileType = text.plist.xml; path = Info.plist; sourceTree = "<group>"; };
		9DFD41D51BF2E3D8008AC679 /* FlowCollectionViewTests.xctest */ = {isa = PBXFileReference; explicitFileType = wrapper.cfbundle; includeInIndex = 0; path = FlowCollectionViewTests.xctest; sourceTree = BUILT_PRODUCTS_DIR; };
		9DFD41D91BF2E3D8008AC679 /* FlowCollectionViewTests.m */ = {isa = PBXFileReference; lastKnownFileType = sourcecode.c.objc; path = FlowCollectionViewTests.m; sourceTree = "<group>"; };
		9DFD41DB1BF2E3D8008AC679 /* Info.plist */ = {isa = PBXFileReference; lastKnownFileType = text.plist.xml; path = Info.plist; sourceTree = "<group>"; };
		9DFD41E01BF2E3D8008AC679 /* FlowCollectionViewUITests.xctest */ = {isa = PBXFileReference; explicitFileType = wrapper.cfbundle; includeInIndex = 0; path = FlowCollectionViewUITests.xctest; sourceTree = BUILT_PRODUCTS_DIR; };
		9DFD41E41BF2E3D8008AC679 /* FlowCollectionViewUITests.m */ = {isa = PBXFileReference; lastKnownFileType = sourcecode.c.objc; path = FlowCollectionViewUITests.m; sourceTree = "<group>"; };
		9DFD41E61BF2E3D8008AC679 /* Info.plist */ = {isa = PBXFileReference; lastKnownFileType = text.plist.xml; path = Info.plist; sourceTree = "<group>"; };
/* End PBXFileReference section */

/* Begin PBXFrameworksBuildPhase section */
		9DFD41B91BF2E3D8008AC679 /* Frameworks */ = {
			isa = PBXFrameworksBuildPhase;
			buildActionMask = 2147483647;
			files = (
			);
			runOnlyForDeploymentPostprocessing = 0;
		};
		9DFD41D21BF2E3D8008AC679 /* Frameworks */ = {
			isa = PBXFrameworksBuildPhase;
			buildActionMask = 2147483647;
			files = (
			);
			runOnlyForDeploymentPostprocessing = 0;
		};
		9DFD41DD1BF2E3D8008AC679 /* Frameworks */ = {
			isa = PBXFrameworksBuildPhase;
			buildActionMask = 2147483647;
			files = (
			);
			runOnlyForDeploymentPostprocessing = 0;
		};
/* End PBXFrameworksBuildPhase section */

/* Begin PBXGroup section */
		9DFD41B31BF2E3D7008AC679 = {
			isa = PBXGroup;
			children = (
				9DFD41BE1BF2E3D8008AC679 /* FlowCollectionView */,
				9DFD41D81BF2E3D8008AC679 /* FlowCollectionViewTests */,
				9DFD41E31BF2E3D8008AC679 /* FlowCollectionViewUITests */,
				9DFD41BD1BF2E3D8008AC679 /* Products */,
			);
			sourceTree = "<group>";
		};
		9DFD41BD1BF2E3D8008AC679 /* Products */ = {
			isa = PBXGroup;
			children = (
				9DFD41BC1BF2E3D8008AC679 /* FlowCollectionView.app */,
				9DFD41D51BF2E3D8008AC679 /* FlowCollectionViewTests.xctest */,
				9DFD41E01BF2E3D8008AC679 /* FlowCollectionViewUITests.xctest */,
			);
			name = Products;
			sourceTree = "<group>";
		};
		9DFD41BE1BF2E3D8008AC679 /* FlowCollectionView */ = {
			isa = PBXGroup;
			children = (
				9DFD41C21BF2E3D8008AC679 /* AppDelegate.h */,
				9DFD41C31BF2E3D8008AC679 /* AppDelegate.m */,
				9D77FCDA1BF2EA73009CCD1C /* FlowViewController.h */,
				9D77FCDB1BF2EA73009CCD1C /* FlowViewController.m */,
				9D77FCE01BF2EB27009CCD1C /* FlowLayout.h */,
				9D77FCE11BF2EB27009CCD1C /* FlowLayout.m */,
				9D77FCDD1BF2EAFE009CCD1C /* FlowCell.h */,
				9D77FCDE1BF2EAFE009CCD1C /* FlowCell.m */,
				9DFD41C81BF2E3D8008AC679 /* Main.storyboard */,
				9DFD41CB1BF2E3D8008AC679 /* Assets.xcassets */,
				9DFD41CD1BF2E3D8008AC679 /* LaunchScreen.storyboard */,
				9DFD41D01BF2E3D8008AC679 /* Info.plist */,
				9DFD41BF1BF2E3D8008AC679 /* Supporting Files */,
			);
			path = FlowCollectionView;
			sourceTree = "<group>";
		};
		9DFD41BF1BF2E3D8008AC679 /* Supporting Files */ = {
			isa = PBXGroup;
			children = (
				9DFD41C01BF2E3D8008AC679 /* main.m */,
			);
			name = "Supporting Files";
			sourceTree = "<group>";
		};
		9DFD41D81BF2E3D8008AC679 /* FlowCollectionViewTests */ = {
			isa = PBXGroup;
			children = (
				9DFD41D91BF2E3D8008AC679 /* FlowCollectionViewTests.m */,
				9DFD41DB1BF2E3D8008AC679 /* Info.plist */,
			);
			path = FlowCollectionViewTests;
			sourceTree = "<group>";
		};
		9DFD41E31BF2E3D8008AC679 /* FlowCollectionViewUITests */ = {
			isa = PBXGroup;
			children = (
				9DFD41E41BF2E3D8008AC679 /* FlowCollectionViewUITests.m */,
				9DFD41E61BF2E3D8008AC679 /* Info.plist */,
			);
			path = FlowCollectionViewUITests;
			sourceTree = "<group>";
		};
/* End PBXGroup section */

/* Begin PBXNativeTarget section */
		9DFD41BB1BF2E3D8008AC679 /* FlowCollectionView */ = {
			isa = PBXNativeTarget;
			buildConfigurationList = 9DFD41E91BF2E3D8008AC679 /* Build configuration list for PBXNativeTarget "FlowCollectionView" */;
			buildPhases = (
				9DFD41B81BF2E3D8008AC679 /* Sources */,
				9DFD41B91BF2E3D8008AC679 /* Frameworks */,
				9DFD41BA1BF2E3D8008AC679 /* Resources */,
			);
			buildRules = (
			);
			dependencies = (
			);
			name = FlowCollectionView;
			productName = FlowCollectionView;
			productReference = 9DFD41BC1BF2E3D8008AC679 /* FlowCollectionView.app */;
			productType = "com.apple.product-type.application";
		};
		9DFD41D41BF2E3D8008AC679 /* FlowCollectionViewTests */ = {
			isa = PBXNativeTarget;
			buildConfigurationList = 9DFD41EC1BF2E3D8008AC679 /* Build configuration list for PBXNativeTarget "FlowCollectionViewTests" */;
			buildPhases = (
				9DFD41D11BF2E3D8008AC679 /* Sources */,
				9DFD41D21BF2E3D8008AC679 /* Frameworks */,
				9DFD41D31BF2E3D8008AC679 /* Resources */,
			);
			buildRules = (
			);
			dependencies = (
				9DFD41D71BF2E3D8008AC679 /* PBXTargetDependency */,
			);
			name = FlowCollectionViewTests;
			productName = FlowCollectionViewTests;
			productReference = 9DFD41D51BF2E3D8008AC679 /* FlowCollectionViewTests.xctest */;
			productType = "com.apple.product-type.bundle.unit-test";
		};
		9DFD41DF1BF2E3D8008AC679 /* FlowCollectionViewUITests */ = {
			isa = PBXNativeTarget;
			buildConfigurationList = 9DFD41EF1BF2E3D8008AC679 /* Build configuration list for PBXNativeTarget "FlowCollectionViewUITests" */;
			buildPhases = (
				9DFD41DC1BF2E3D8008AC679 /* Sources */,
				9DFD41DD1BF2E3D8008AC679 /* Frameworks */,
				9DFD41DE1BF2E3D8008AC679 /* Resources */,
			);
			buildRules = (
			);
			dependencies = (
				9DFD41E21BF2E3D8008AC679 /* PBXTargetDependency */,
			);
			name = FlowCollectionViewUITests;
			productName = FlowCollectionViewUITests;
			productReference = 9DFD41E01BF2E3D8008AC679 /* FlowCollectionViewUITests.xctest */;
			productType = "com.apple.product-type.bundle.ui-testing";
		};
/* End PBXNativeTarget section */

/* Begin PBXProject section */
		9DFD41B41BF2E3D7008AC679 /* Project object */ = {
			isa = PBXProject;
			attributes = {
				LastUpgradeCheck = 0710;
				ORGANIZATIONNAME = PCBZ;
				TargetAttributes = {
					9DFD41BB1BF2E3D8008AC679 = {
						CreatedOnToolsVersion = 7.1;
						DevelopmentTeam = JV7ENX46NS;
					};
					9DFD41D41BF2E3D8008AC679 = {
						CreatedOnToolsVersion = 7.1;
						TestTargetID = 9DFD41BB1BF2E3D8008AC679;
					};
					9DFD41DF1BF2E3D8008AC679 = {
						CreatedOnToolsVersion = 7.1;
						TestTargetID = 9DFD41BB1BF2E3D8008AC679;
					};
				};
			};
			buildConfigurationList = 9DFD41B71BF2E3D7008AC679 /* Build configuration list for PBXProject "FlowCollectionView" */;
			compatibilityVersion = "Xcode 3.2";
			developmentRegion = English;
			hasScannedForEncodings = 0;
			knownRegions = (
				en,
				Base,
			);
			mainGroup = 9DFD41B31BF2E3D7008AC679;
			productRefGroup = 9DFD41BD1BF2E3D8008AC679 /* Products */;
			projectDirPath = "";
			projectRoot = "";
			targets = (
				9DFD41BB1BF2E3D8008AC679 /* FlowCollectionView */,
				9DFD41D41BF2E3D8008AC679 /* FlowCollectionViewTests */,
				9DFD41DF1BF2E3D8008AC679 /* FlowCollectionViewUITests */,
			);
		};
/* End PBXProject section */

/* Begin PBXResourcesBuildPhase section */
		9DFD41BA1BF2E3D8008AC679 /* Resources */ = {
			isa = PBXResourcesBuildPhase;
			buildActionMask = 2147483647;
			files = (
				9DFD41CF1BF2E3D8008AC679 /* LaunchScreen.storyboard in Resources */,
				9DFD41CC1BF2E3D8008AC679 /* Assets.xcassets in Resources */,
				9DFD41CA1BF2E3D8008AC679 /* Main.storyboard in Resources */,
			);
			runOnlyForDeploymentPostprocessing = 0;
		};
		9DFD41D31BF2E3D8008AC679 /* Resources */ = {
			isa = PBXResourcesBuildPhase;
			buildActionMask = 2147483647;
			files = (
			);
			runOnlyForDeploymentPostprocessing = 0;
		};
		9DFD41DE1BF2E3D8008AC679 /* Resources */ = {
			isa = PBXResourcesBuildPhase;
			buildActionMask = 2147483647;
			files = (
			);
			runOnlyForDeploymentPostprocessing = 0;
		};
/* End PBXResourcesBuildPhase section */

/* Begin PBXSourcesBuildPhase section */
		9DFD41B81BF2E3D8008AC679 /* Sources */ = {
			isa = PBXSourcesBuildPhase;
			buildActionMask = 2147483647;
			files = (
				9DFD41C41BF2E3D8008AC679 /* AppDelegate.m in Sources */,
				9D77FCDF1BF2EAFE009CCD1C /* FlowCell.m in Sources */,
				9D77FCE21BF2EB27009CCD1C /* FlowLayout.m in Sources */,
				9D77FCDC1BF2EA73009CCD1C /* FlowViewController.m in Sources */,
				9DFD41C11BF2E3D8008AC679 /* main.m in Sources */,
			);
			runOnlyForDeploymentPostprocessing = 0;
		};
		9DFD41D11BF2E3D8008AC679 /* Sources */ = {
			isa = PBXSourcesBuildPhase;
			buildActionMask = 2147483647;
			files = (
				9DFD41DA1BF2E3D8008AC679 /* FlowCollectionViewTests.m in Sources */,
			);
			runOnlyForDeploymentPostprocessing = 0;
		};
		9DFD41DC1BF2E3D8008AC679 /* Sources */ = {
			isa = PBXSourcesBuildPhase;
			buildActionMask = 2147483647;
			files = (
				9DFD41E51BF2E3D8008AC679 /* FlowCollectionViewUITests.m in Sources */,
			);
			runOnlyForDeploymentPostprocessing = 0;
		};
/* End PBXSourcesBuildPhase section */

/* Begin PBXTargetDependency section */
		9DFD41D71BF2E3D8008AC679 /* PBXTargetDependency */ = {
			isa = PBXTargetDependency;
			target = 9DFD41BB1BF2E3D8008AC679 /* FlowCollectionView */;
			targetProxy = 9DFD41D61BF2E3D8008AC679 /* PBXContainerItemProxy */;
		};
		9DFD41E21BF2E3D8008AC679 /* PBXTargetDependency */ = {
			isa = PBXTargetDependency;
			target = 9DFD41BB1BF2E3D8008AC679 /* FlowCollectionView */;
			targetProxy = 9DFD41E11BF2E3D8008AC679 /* PBXContainerItemProxy */;
		};
/* End PBXTargetDependency section */

/* Begin PBXVariantGroup section */
		9DFD41C81BF2E3D8008AC679 /* Main.storyboard */ = {
			isa = PBXVariantGroup;
			children = (
				9DFD41C91BF2E3D8008AC679 /* Base */,
			);
			name = Main.storyboard;
			sourceTree = "<group>";
		};
		9DFD41CD1BF2E3D8008AC679 /* LaunchScreen.storyboard */ = {
			isa = PBXVariantGroup;
			children = (
				9DFD41CE1BF2E3D8008AC679 /* Base */,
			);
			name = LaunchScreen.storyboard;
			sourceTree = "<group>";
		};
/* End PBXVariantGroup section */

/* Begin XCBuildConfiguration section */
		9DFD41E71BF2E3D8008AC679 /* Debug */ = {
			isa = XCBuildConfiguration;
			buildSettings = {
				ALWAYS_SEARCH_USER_PATHS = NO;
				CLANG_CXX_LANGUAGE_STANDARD = "gnu++0x";
				CLANG_CXX_LIBRARY = "libc++";
				CLANG_ENABLE_MODULES = YES;
				CLANG_ENABLE_OBJC_ARC = YES;
				CLANG_WARN_BOOL_CONVERSION = YES;
				CLANG_WARN_CONSTANT_CONVERSION = YES;
				CLANG_WARN_DIRECT_OBJC_ISA_USAGE = YES_ERROR;
				CLANG_WARN_EMPTY_BODY = YES;
				CLANG_WARN_ENUM_CONVERSION = YES;
				CLANG_WARN_INT_CONVERSION = YES;
				CLANG_WARN_OBJC_ROOT_CLASS = YES_ERROR;
				CLANG_WARN_UNREACHABLE_CODE = YES;
				CLANG_WARN__DUPLICATE_METHOD_MATCH = YES;
				"CODE_SIGN_IDENTITY[sdk=iphoneos*]" = "iPhone Developer";
				COPY_PHASE_STRIP = NO;
				DEBUG_INFORMATION_FORMAT = dwarf;
				ENABLE_STRICT_OBJC_MSGSEND = YES;
				ENABLE_TESTABILITY = YES;
				GCC_C_LANGUAGE_STANDARD = gnu99;
				GCC_DYNAMIC_NO_PIC = NO;
				GCC_NO_COMMON_BLOCKS = YES;
				GCC_OPTIMIZATION_LEVEL = 0;
				GCC_PREPROCESSOR_DEFINITIONS = (
					"DEBUG=1",
					"$(inherited)",
				);
				GCC_WARN_64_TO_32_BIT_CONVERSION = YES;
				GCC_WARN_ABOUT_RETURN_TYPE = YES_ERROR;
				GCC_WARN_UNDECLARED_SELECTOR = YES;
				GCC_WARN_UNINITIALIZED_AUTOS = YES_AGGRESSIVE;
				GCC_WARN_UNUSED_FUNCTION = YES;
				GCC_WARN_UNUSED_VARIABLE = YES;
				IPHONEOS_DEPLOYMENT_TARGET = 9.1;
				MTL_ENABLE_DEBUG_INFO = YES;
				ONLY_ACTIVE_ARCH = YES;
				SDKROOT = iphoneos;
			};
			name = Debug;
		};
		9DFD41E81BF2E3D8008AC679 /* Release */ = {
			isa = XCBuildConfiguration;
			buildSettings = {
				ALWAYS_SEARCH_USER_PATHS = NO;
				CLANG_CXX_LANGUAGE_STANDARD = "gnu++0x";
				CLANG_CXX_LIBRARY = "libc++";
				CLANG_ENABLE_MODULES = YES;
				CLANG_ENABLE_OBJC_ARC = YES;
				CLANG_WARN_BOOL_CONVERSION = YES;
				CLANG_WARN_CONSTANT_CONVERSION = YES;
				CLANG_WARN_DIRECT_OBJC_ISA_USAGE = YES_ERROR;
				CLANG_WARN_EMPTY_BODY = YES;
				CLANG_WARN_ENUM_CONVERSION = YES;
				CLANG_WARN_INT_CONVERSION = YES;
				CLANG_WARN_OBJC_ROOT_CLASS = YES_ERROR;
				CLANG_WARN_UNREACHABLE_CODE = YES;
				CLANG_WARN__DUPLICATE_METHOD_MATCH = YES;
				"CODE_SIGN_IDENTITY[sdk=iphoneos*]" = "iPhone Developer";
				COPY_PHASE_STRIP = NO;
				DEBUG_INFORMATION_FORMAT = "dwarf-with-dsym";
				ENABLE_NS_ASSERTIONS = NO;
				ENABLE_STRICT_OBJC_MSGSEND = YES;
				GCC_C_LANGUAGE_STANDARD = gnu99;
				GCC_NO_COMMON_BLOCKS = YES;
				GCC_WARN_64_TO_32_BIT_CONVERSION = YES;
				GCC_WARN_ABOUT_RETURN_TYPE = YES_ERROR;
				GCC_WARN_UNDECLARED_SELECTOR = YES;
				GCC_WARN_UNINITIALIZED_AUTOS = YES_AGGRESSIVE;
				GCC_WARN_UNUSED_FUNCTION = YES;
				GCC_WARN_UNUSED_VARIABLE = YES;
				IPHONEOS_DEPLOYMENT_TARGET = 9.1;
				MTL_ENABLE_DEBUG_INFO = NO;
				SDKROOT = iphoneos;
				VALIDATE_PRODUCT = YES;
			};
			name = Release;
		};
		9DFD41EA1BF2E3D8008AC679 /* Debug */ = {
			isa = XCBuildConfiguration;
			buildSettings = {
				ASSETCATALOG_COMPILER_APPICON_NAME = AppIcon;
				CODE_SIGN_IDENTITY = "iPhone Developer";
				"CODE_SIGN_IDENTITY[sdk=iphoneos*]" = "iPhone Developer";
				INFOPLIST_FILE = FlowCollectionView/Info.plist;
				LD_RUNPATH_SEARCH_PATHS = "$(inherited) @executable_path/Frameworks";
				PRODUCT_BUNDLE_IDENTIFIER = www.PCBZ.com.FlowCollectionView;
				PRODUCT_NAME = "$(TARGET_NAME)";
				PROVISIONING_PROFILE = "";
			};
			name = Debug;
		};
		9DFD41EB1BF2E3D8008AC679 /* Release */ = {
			isa = XCBuildConfiguration;
			buildSettings = {
				ASSETCATALOG_COMPILER_APPICON_NAME = AppIcon;
				CODE_SIGN_IDENTITY = "iPhone Developer";
				"CODE_SIGN_IDENTITY[sdk=iphoneos*]" = "iPhone Developer";
				INFOPLIST_FILE = FlowCollectionView/Info.plist;
				LD_RUNPATH_SEARCH_PATHS = "$(inherited) @executable_path/Frameworks";
				PRODUCT_BUNDLE_IDENTIFIER = www.PCBZ.com.FlowCollectionView;
				PRODUCT_NAME = "$(TARGET_NAME)";
				PROVISIONING_PROFILE = "";
			};
			name = Release;
		};
		9DFD41ED1BF2E3D8008AC679 /* Debug */ = {
			isa = XCBuildConfiguration;
			buildSettings = {
				BUNDLE_LOADER = "$(TEST_HOST)";
				INFOPLIST_FILE = FlowCollectionViewTests/Info.plist;
				LD_RUNPATH_SEARCH_PATHS = "$(inherited) @executable_path/Frameworks @loader_path/Frameworks";
				PRODUCT_BUNDLE_IDENTIFIER = www.PCBZ.com.FlowCollectionViewTests;
				PRODUCT_NAME = "$(TARGET_NAME)";
				TEST_HOST = "$(BUILT_PRODUCTS_DIR)/FlowCollectionView.app/FlowCollectionView";
			};
			name = Debug;
		};
		9DFD41EE1BF2E3D8008AC679 /* Release */ = {
			isa = XCBuildConfiguration;
			buildSettings = {
				BUNDLE_LOADER = "$(TEST_HOST)";
				INFOPLIST_FILE = FlowCollectionViewTests/Info.plist;
				LD_RUNPATH_SEARCH_PATHS = "$(inherited) @executable_path/Frameworks @loader_path/Frameworks";
				PRODUCT_BUNDLE_IDENTIFIER = www.PCBZ.com.FlowCollectionViewTests;
				PRODUCT_NAME = "$(TARGET_NAME)";
				TEST_HOST = "$(BUILT_PRODUCTS_DIR)/FlowCollectionView.app/FlowCollectionView";
			};
			name = Release;
		};
		9DFD41F01BF2E3D8008AC679 /* Debug */ = {
			isa = XCBuildConfiguration;
			buildSettings = {
				INFOPLIST_FILE = FlowCollectionViewUITests/Info.plist;
				LD_RUNPATH_SEARCH_PATHS = "$(inherited) @executable_path/Frameworks @loader_path/Frameworks";
				PRODUCT_BUNDLE_IDENTIFIER = www.PCBZ.com.FlowCollectionViewUITests;
				PRODUCT_NAME = "$(TARGET_NAME)";
				TEST_TARGET_NAME = FlowCollectionView;
				USES_XCTRUNNER = YES;
			};
			name = Debug;
		};
		9DFD41F11BF2E3D8008AC679 /* Release */ = {
			isa = XCBuildConfiguration;
			buildSettings = {
				INFOPLIST_FILE = FlowCollectionViewUITests/Info.plist;
				LD_RUNPATH_SEARCH_PATHS = "$(inherited) @executable_path/Frameworks @loader_path/Frameworks";
				PRODUCT_BUNDLE_IDENTIFIER = www.PCBZ.com.FlowCollectionViewUITests;
				PRODUCT_NAME = "$(TARGET_NAME)";
				TEST_TARGET_NAME = FlowCollectionView;
				USES_XCTRUNNER = YES;
			};
			name = Release;
		};
/* End XCBuildConfiguration section */

/* Begin XCConfigurationList section */
		9DFD41B71BF2E3D7008AC679 /* Build configuration list for PBXProject "FlowCollectionView" */ = {
			isa = XCConfigurationList;
			buildConfigurations = (
				9DFD41E71BF2E3D8008AC679 /* Debug */,
				9DFD41E81BF2E3D8008AC679 /* Release */,
			);
			defaultConfigurationIsVisible = 0;
			defaultConfigurationName = Release;
		};
		9DFD41E91BF2E3D8008AC679 /* Build configuration list for PBXNativeTarget "FlowCollectionView" */ = {
			isa = XCConfigurationList;
			buildConfigurations = (
				9DFD41EA1BF2E3D8008AC679 /* Debug */,
				9DFD41EB1BF2E3D8008AC679 /* Release */,
			);
			defaultConfigurationIsVisible = 0;
			defaultConfigurationName = Release;
		};
		9DFD41EC1BF2E3D8008AC679 /* Build configuration list for PBXNativeTarget "FlowCollectionViewTests" */ = {
			isa = XCConfigurationList;
			buildConfigurations = (
				9DFD41ED1BF2E3D8008AC679 /* Debug */,
				9DFD41EE1BF2E3D8008AC679 /* Release */,
			);
			defaultConfigurationIsVisible = 0;
			defaultConfigurationName = Release;
		};
		9DFD41EF1BF2E3D8008AC679 /* Build configuration list for PBXNativeTarget "FlowCollectionViewUITests" */ = {
			isa = XCConfigurationList;
			buildConfigurations = (
				9DFD41F01BF2E3D8008AC679 /* Debug */,
				9DFD41F11BF2E3D8008AC679 /* Release */,
			);
			defaultConfigurationIsVisible = 0;
			defaultConfigurationName = Release;
		};
/* End XCConfigurationList section */
	};
	rootObject = 9DFD41B41BF2E3D7008AC679 /* Project object */;
}
